
Microsoft Visual Studio Solution File, Format Version 11.00
# Visual Studio 2010
Project("{FAE04EC0-301F-11D3-BF4B-00C04F79EFBC}") = "MancalaPhone", "Mancala\MancalaPhone.csproj", "{1115CFEC-E314-4673-B1F3-15CA059DA0AF}"
EndProject
Project("{FAE04EC0-301F-11D3-BF4B-00C04F79EFBC}") = "MancalaSilverlight", "MancalaSilverlight\MancalaSilverlight.csproj", "{B5197BCA-3F13-401E-9EFD-D6AF93B478BD}"
EndProject
Project("{FAE04EC0-301F-11D3-BF4B-00C04F79EFBC}") = "Mancala.Web", "Mancala.Web\Mancala.Web.csproj", "{C9871BCC-69D8-49E3-A11E-360DAE87547E}"
EndProject
Global
	GlobalSection(TeamFoundationVersionControl) = preSolution
		SccNumberOfProjects = 4
		SccEnterpriseProvider = {4CA58AB2-18FA-4F8D-95D4-32DDF27D184C}
		SccTeamFoundationServer = https://edalatpour.tfspreview.com/defaultcollection
		SccLocalPath0 = .
		SccProjectUniqueName1 = Mancala.Web\\Mancala.Web.csproj
		SccProjectName1 = Mancala.Web
		SccLocalPath1 = Mancala.Web
		SccProjectUniqueName2 = Mancala\\MancalaPhone.csproj
		SccProjectName2 = Mancala
		SccLocalPath2 = Mancala
		SccProjectUniqueName3 = MancalaSilverlight\\MancalaSilverlight.csproj
		SccProjectName3 = MancalaSilverlight
		SccLocalPath3 = MancalaSilverlight
	EndGlobalSection
	GlobalSection(SolutionConfigurationPlatforms) = preSolution
		Debug|Any CPU = Debug|Any CPU
		Release|Any CPU = Release|Any CPU
	EndGlobalSection
	GlobalSection(ProjectConfigurationPlatforms) = postSolution
		{1115CFEC-E314-4673-B1F3-15CA059DA0AF}.Debug|Any CPU.ActiveCfg = Debug|Any CPU
		{1115CFEC-E314-4673-B1F3-15CA059DA0AF}.Debug|Any CPU.Build.0 = Debug|Any CPU
		{1115CFEC-E314-4673-B1F3-15CA059DA0AF}.Debug|Any CPU.Deploy.0 = Debug|Any CPU
		{1115CFEC-E314-4673-B1F3-15CA059DA0AF}.Release|Any CPU.ActiveCfg = Release|Any CPU
		{1115CFEC-E314-4673-B1F3-15CA059DA0AF}.Release|Any CPU.Build.0 = Release|Any CPU
		{1115CFEC-E314-4673-B1F3-15CA059DA0AF}.Release|Any CPU.Deploy.0 = Release|Any CPU
		{B5197BCA-3F13-401E-9EFD-D6AF93B478BD}.Debug|Any CPU.ActiveCfg = Debug|Any CPU
		{B5197BCA-3F13-401E-9EFD-D6AF93B478BD}.Debug|Any CPU.Build.0 = Debug|Any CPU
		{B5197BCA-3F13-401E-9EFD-D6AF93B478BD}.Release|Any CPU.ActiveCfg = Release|Any CPU
		{B5197BCA-3F13-401E-9EFD-D6AF93B478BD}.Release|Any CPU.Build.0 = Release|Any CPU
		{C9871BCC-69D8-49E3-A11E-360DAE87547E}.Debug|Any CPU.ActiveCfg = Debug|Any CPU
		{C9871BCC-69D8-49E3-A11E-360DAE87547E}.Debug|Any CPU.Build.0 = Debug|Any CPU
		{C9871BCC-69D8-49E3-A11E-360DAE87547E}.Release|Any CPU.ActiveCfg = Release|Any CPU
		{C9871BCC-69D8-49E3-A11E-360DAE87547E}.Release|Any CPU.Build.0 = Release|Any CPU
	EndGlobalSection
	GlobalSection(SolutionProperties) = preSolution
		HideSolutionNode = FALSE
	EndGlobalSection
EndGlobal
